{
  "nodes": {
    "nixpkgs": {
      "locked": {
        "lastModified": 1774646867,
        "narHash": "sha256-ambv1dRBVNjkShTA9IefYNNCqFRVXomfmjzho1Yb0Ps=",
        "owner": "nixos",
        "repo": "nixpkgs",
        "rev": "37d281c8b0315e5a03db0a3a66cead7c50361817",
        "type": "github"
      },
      "original": {
        "owner": "nixos",
        "repo": "nixpkgs",
        "rev": "37d281c8b0315e5a03db0a3a66cead7c50361817",
        "type": "github"
      }
    },
    "root": {
      "inputs": {
        "nixpkgs": "nixpkgs"
      }
    }
  },
  "root": "root",
  "version": 7
}
