{
  "nodes": {
    "nixpkgs": {
      "locked": {
        "lastModified": 1716391923,
        "narHash": "sha256-NnvvuMs5ZRJMFxjheq0VPwB8tltv61TwXa/i1Qogik4=",
        "owner": "nixos",
        "repo": "nixpkgs",
        "rev": "59b1aef59071cae6e87859dc65de973d2cc595c0",
        "type": "github"
      },
      "original": {
        "owner": "nixos",
        "ref": "nixos-unstable",
        "repo": "nixpkgs",
        "type": "github"
      }
    },
    "root": {
      "inputs": {
        "nixpkgs": "nixpkgs"
      }
    }
  },
  "root": "root",
  "version": 7
}
