{
  "nodes": {
    "nixpkgs": {
      "locked": {
        "lastModified": 1700307211,
        "narHash": "sha256-uFHOzAmYK2JuHNhZl5tt7KP38BLBIrWC7ITZlkOBJPM=",
        "owner": "mweinelt",
        "repo": "nixpkgs",
        "rev": "0aeec365caf1496ecdb86b63e916d7d508e3431e",
        "type": "github"
      },
      "original": {
        "owner": "mweinelt",
        "ref": "openai-whisper-20231117",
        "repo": "nixpkgs",
        "type": "github"
      }
    },
    "root": {
      "inputs": {
        "nixpkgs": "nixpkgs"
      }
    }
  },
  "root": "root",
  "version": 7
}
